
Microsoft Visual Studio Solution File, Format Version 12.00
# Visual Studio 14
VisualStudioVersion = 14.0.25420.1
MinimumVisualStudioVersion = 10.0.40219.1
Project("{FAE04EC0-301F-11D3-BF4B-00C04F79EFBC}") = "BardDaemon", "BardDaemon\BardDaemon.csproj", "{CFBBB7A7-2ECD-4B0D-8054-B4D49A56A616}"
EndProject
Project("{FAE04EC0-301F-11D3-BF4B-00C04F79EFBC}") = "BardInterface", "BardInterface\BardInterface.csproj", "{5D4EA5DB-B370-47D8-9F48-8599A34314F1}"
EndProject
Global
	GlobalSection(SolutionConfigurationPlatforms) = preSolution
		Debug|Any CPU = Debug|Any CPU
		Release|Any CPU = Release|Any CPU
	EndGlobalSection
	GlobalSection(ProjectConfigurationPlatforms) = postSolution
		{CFBBB7A7-2ECD-4B0D-8054-B4D49A56A616}.Debug|Any CPU.ActiveCfg = Debug|Any CPU
		{CFBBB7A7-2ECD-4B0D-8054-B4D49A56A616}.Debug|Any CPU.Build.0 = Debug|Any CPU
		{CFBBB7A7-2ECD-4B0D-8054-B4D49A56A616}.Release|Any CPU.ActiveCfg = Release|Any CPU
		{CFBBB7A7-2ECD-4B0D-8054-B4D49A56A616}.Release|Any CPU.Build.0 = Release|Any CPU
		{5D4EA5DB-B370-47D8-9F48-8599A34314F1}.Debug|Any CPU.ActiveCfg = Debug|Any CPU
		{5D4EA5DB-B370-47D8-9F48-8599A34314F1}.Debug|Any CPU.Build.0 = Debug|Any CPU
		{5D4EA5DB-B370-47D8-9F48-8599A34314F1}.Release|Any CPU.ActiveCfg = Release|Any CPU
		{5D4EA5DB-B370-47D8-9F48-8599A34314F1}.Release|Any CPU.Build.0 = Release|Any CPU
	EndGlobalSection
	GlobalSection(SolutionProperties) = preSolution
		HideSolutionNode = FALSE
	EndGlobalSection
EndGlobal
